PODS:
  - connectivity_plus (0.0.1):
    - Flutter
    - ReachabilitySwift
  - device_info_plus (0.0.1):
    - Flutter
  - Flutter (1.0.0)
  - flutter_native_image (0.0.1):
    - Flutter
  - flutter_webrtc (0.9.36):
    - Flutter
    - WebRTC-SDK (= 114.5735.08)
  - image_cropper (0.0.4):
    - Flutter
    - TOCropViewController (~> 2.6.1)
  - image_picker_ios (0.0.1):
    - Flutter
  - livekit_client (1.5.6):
    - Flutter
    - WebRTC-SDK (= 114.5735.08)
  - openpgp (0.6.0):
    - Flutter
  - path_provider_foundation (0.0.1):
    - Flutter
    - FlutterMacOS
  - permission_handler_apple (9.1.1):
    - Flutter
  - ReachabilitySwift (5.0.0)
  - shared_preferences_foundation (0.0.1):
    - Flutter
    - FlutterMacOS
  - TOCropViewController (2.6.1)
  - video_player_avfoundation (0.0.1):
    - Flutter
    - FlutterMacOS
  - WebRTC-SDK (114.5735.08)

DEPENDENCIES:
  - connectivity_plus (from `.symlinks/plugins/connectivity_plus/ios`)
  - device_info_plus (from `.symlinks/plugins/device_info_plus/ios`)
  - Flutter (from `Flutter`)
  - flutter_native_image (from `.symlinks/plugins/flutter_native_image/ios`)
  - flutter_webrtc (from `.symlinks/plugins/flutter_webrtc/ios`)
  - image_cropper (from `.symlinks/plugins/image_cropper/ios`)
  - image_picker_ios (from `.symlinks/plugins/image_picker_ios/ios`)
  - livekit_client (from `.symlinks/plugins/livekit_client/ios`)
  - openpgp (from `.symlinks/plugins/openpgp/ios`)
  - path_provider_foundation (from `.symlinks/plugins/path_provider_foundation/darwin`)
  - permission_handler_apple (from `.symlinks/plugins/permission_handler_apple/ios`)
  - shared_preferences_foundation (from `.symlinks/plugins/shared_preferences_foundation/darwin`)
  - video_player_avfoundation (from `.symlinks/plugins/video_player_avfoundation/darwin`)

SPEC REPOS:
  trunk:
    - ReachabilitySwift
    - TOCropViewController
    - WebRTC-SDK

EXTERNAL SOURCES:
  connectivity_plus:
    :path: ".symlinks/plugins/connectivity_plus/ios"
  device_info_plus:
    :path: ".symlinks/plugins/device_info_plus/ios"
  Flutter:
    :path: Flutter
  flutter_native_image:
    :path: ".symlinks/plugins/flutter_native_image/ios"
  flutter_webrtc:
    :path: ".symlinks/plugins/flutter_webrtc/ios"
  image_cropper:
    :path: ".symlinks/plugins/image_cropper/ios"
  image_picker_ios:
    :path: ".symlinks/plugins/image_picker_ios/ios"
  livekit_client:
    :path: ".symlinks/plugins/livekit_client/ios"
  openpgp:
    :path: ".symlinks/plugins/openpgp/ios"
  path_provider_foundation:
    :path: ".symlinks/plugins/path_provider_foundation/darwin"
  permission_handler_apple:
    :path: ".symlinks/plugins/permission_handler_apple/ios"
  shared_preferences_foundation:
    :path: ".symlinks/plugins/shared_preferences_foundation/darwin"
  video_player_avfoundation:
    :path: ".symlinks/plugins/video_player_avfoundation/darwin"

SPEC CHECKSUMS:
  connectivity_plus: bf0076dd84a130856aa636df1c71ccaff908fa1d
  device_info_plus: c6fb39579d0f423935b0c9ce7ee2f44b71b9fce6
  Flutter: f04841e97a9d0b0a8025694d0796dd46242b2854
  flutter_native_image: 9c0b7451838484458e5b0fae007b86a4c2d4bdfe
  flutter_webrtc: 55df3aaa802114dad390191a46c2c8d535751268
  image_cropper: a3291c624a953049bc6a02e1f8c8ceb162a24b25
  image_picker_ios: 99dfe1854b4fa34d0364e74a78448a0151025425
  livekit_client: 381ed3cad6ba0b6ffbfffcf1b5db95ad1e61ffa2
  openpgp: 62baddd0b753983d11b8c847b27349bccac1eb1c
  path_provider_foundation: 3784922295ac71e43754bd15e0653ccfd36a147c
  permission_handler_apple: e76247795d700c14ea09e3a2d8855d41ee80a2e6
  ReachabilitySwift: 985039c6f7b23a1da463388634119492ff86c825
  shared_preferences_foundation: b4c3b4cddf1c21f02770737f147a3f5da9d39695
  TOCropViewController: edfd4f25713d56905ad1e0b9f5be3fbe0f59c863
  video_player_avfoundation: e9e6f9cae7d7a6d9b43519b0aab382bca60fcfd1
  WebRTC-SDK: c24d2a6c9f571f2ed42297cb8ffba9557093142b

PODFILE CHECKSUM: f9420bd595da8fbce156b547dcd3368afc5226ff

COCOAPODS: 1.14.2
